
Microsoft Visual Studio Solution File, Format Version 12.00
# Visual Studio Version 17
VisualStudioVersion = 17.5.33627.172
MinimumVisualStudioVersion = 10.0.40219.1
Project("{FAE04EC0-301F-11D3-BF4B-00C04F79EFBC}") = "studenti", "studenti.csproj", "{C25480F7-DBB2-46BD-A57B-75D5294BE37C}"
EndProject
Global
	GlobalSection(SolutionConfigurationPlatforms) = preSolution
		Debug|Any CPU = Debug|Any CPU
		Release|Any CPU = Release|Any CPU
	EndGlobalSection
	GlobalSection(ProjectConfigurationPlatforms) = postSolution
		{C25480F7-DBB2-46BD-A57B-75D5294BE37C}.Debug|Any CPU.ActiveCfg = Debug|Any CPU
		{C25480F7-DBB2-46BD-A57B-75D5294BE37C}.Debug|Any CPU.Build.0 = Debug|Any CPU
		{C25480F7-DBB2-46BD-A57B-75D5294BE37C}.Release|Any CPU.ActiveCfg = Release|Any CPU
		{C25480F7-DBB2-46BD-A57B-75D5294BE37C}.Release|Any CPU.Build.0 = Release|Any CPU
	EndGlobalSection
	GlobalSection(SolutionProperties) = preSolution
		HideSolutionNode = FALSE
	EndGlobalSection
	GlobalSection(ExtensibilityGlobals) = postSolution
		SolutionGuid = {7254DA52-8725-41F6-8A75-FC59DB4E3E93}
	EndGlobalSection
EndGlobal
